
Microsoft Visual Studio Solution File, Format Version 12.00
# Visual Studio Version 16
VisualStudioVersion = 16.0.31321.278
MinimumVisualStudioVersion = 10.0.40219.1
Project("{FAE04EC0-301F-11D3-BF4B-00C04F79EFBC}") = "SVGViewer", "SVGViewer.csproj", "{A1474F24-96BB-4CDA-9BF1-52DF42830C5E}"
EndProject
Global
	GlobalSection(SolutionConfigurationPlatforms) = preSolution
		Debug|Any CPU = Debug|Any CPU
		Release|Any CPU = Release|Any CPU
	EndGlobalSection
	GlobalSection(ProjectConfigurationPlatforms) = postSolution
		{A1474F24-96BB-4CDA-9BF1-52DF42830C5E}.Debug|Any CPU.ActiveCfg = Debug|Any CPU
		{A1474F24-96BB-4CDA-9BF1-52DF42830C5E}.Debug|Any CPU.Build.0 = Debug|Any CPU
		{A1474F24-96BB-4CDA-9BF1-52DF42830C5E}.Release|Any CPU.ActiveCfg = Release|Any CPU
		{A1474F24-96BB-4CDA-9BF1-52DF42830C5E}.Release|Any CPU.Build.0 = Release|Any CPU
	EndGlobalSection
	GlobalSection(SolutionProperties) = preSolution
		HideSolutionNode = FALSE
	EndGlobalSection
	GlobalSection(ExtensibilityGlobals) = postSolution
		SolutionGuid = {8FC1B4F5-9DC1-47F2-AEB4-D689F6406FB9}
	EndGlobalSection
EndGlobal
